{
  "version": 4,
  "terraform_version": "0.14.0",
  "serial": 19,
  "lineage": "41d8a743-e7f0-1425-d33b-02867af8e3fe",
  "outputs": {},
  "resources": [
    {
      "mode": "managed",
      "type": "github_repository",
      "name": "example",
      "provider": "provider[\"registry.terraform.io/integrations/github\"]",
      "instances": [
        {
          "schema_version": 0,
          "attributes": {
            "allow_merge_commit": true,
            "allow_rebase_merge": true,
            "allow_squash_merge": true,
            "archive_on_destroy": null,
            "archived": false,
            "auto_init": null,
            "default_branch": "main",
            "delete_branch_on_merge": false,
            "description": "",
            "etag": "W/\"fae054ead8e1b9b12ee5a1abd4e8bec6e023f591635868f5377209140332dadf\"",
            "full_name": "TejaThammineni/terraform-repo1",
            "git_clone_url": "git://github.com/TejaThammineni/terraform-repo1.git",
            "gitignore_template": null,
            "has_downloads": false,
            "has_issues": false,
            "has_projects": false,
            "has_wiki": false,
            "homepage_url": "",
            "html_url": "https://github.com/TejaThammineni/terraform-repo1",
            "http_clone_url": "https://github.com/TejaThammineni/terraform-repo1.git",
            "id": "terraform-repo1",
            "is_template": false,
            "license_template": null,
            "name": "terraform-repo1",
            "node_id": "MDEwOlJlcG9zaXRvcnkzNDQxMzAzOTY=",
            "pages": [],
            "private": true,
            "repo_id": 344130396,
            "ssh_clone_url": "git@github.com:TejaThammineni/terraform-repo1.git",
            "svn_url": "https://github.com/TejaThammineni/terraform-repo1",
            "template": [],
            "topics": null,
            "visibility": "private",
            "vulnerability_alerts": false
          },
          "sensitive_attributes": [],
          "private": "bnVsbA=="
        }
      ]
    }
  ]
}
