{
  "version": 4,
  "terraform_version": "0.14.0",
  "serial": 16,
  "lineage": "41d8a743-e7f0-1425-d33b-02867af8e3fe",
  "outputs": {},
  "resources": [
    {
      "mode": "managed",
      "type": "aws_security_group",
      "name": "allow_tls",
      "provider": "provider[\"registry.terraform.io/hashicorp/aws\"]",
      "instances": [
        {
          "schema_version": 1,
          "attributes": {
            "arn": "arn:aws:ec2:us-west-2:441977614910:security-group/sg-0ae098d38ecef5db0",
            "description": "Allow TLS inbound traffic",
            "egress": [],
            "id": "sg-0ae098d38ecef5db0",
            "ingress": [
              {
                "cidr_blocks": [
                  "116.30.45.50/32"
                ],
                "description": "TLS from VPC",
                "from_port": 443,
                "ipv6_cidr_blocks": [],
                "prefix_list_ids": [],
                "protocol": "tcp",
                "security_groups": [],
                "self": false,
                "to_port": 443
              }
            ],
            "name": "terraform-20210303104935964000000001",
            "name_prefix": "",
            "owner_id": "441977614910",
            "revoke_rules_on_delete": false,
            "tags": null,
            "timeouts": null,
            "vpc_id": "vpc-03785c7b"
          },
          "sensitive_attributes": [],
          "private": "eyJlMmJmYjczMC1lY2FhLTExZTYtOGY4OC0zNDM2M2JjN2M0YzAiOnsiY3JlYXRlIjo2MDAwMDAwMDAwMDAsImRlbGV0ZSI6NjAwMDAwMDAwMDAwfSwic2NoZW1hX3ZlcnNpb24iOiIxIn0="
        }
      ]
    }
  ]
}
